
Microsoft Visual Studio Solution File, Format Version 12.00
# Visual Studio Version 17
VisualStudioVersion = 17.0.31903.59
MinimumVisualStudioVersion = 10.0.40219.1
Project("{FAE04EC0-301F-11D3-BF4B-00C04F79EFBC}") = "Core", "Core\Core.csproj", "{BA95C5DB-6D71-4C06-866C-A59E5185E630}"
EndProject
Project("{FAE04EC0-301F-11D3-BF4B-00C04F79EFBC}") = "Infrastructure", "Infrastructure\Infrastructure.csproj", "{1D82158F-0B86-43DF-B049-107E05D499C2}"
EndProject
Global
	GlobalSection(SolutionConfigurationPlatforms) = preSolution
		Debug|Any CPU = Debug|Any CPU
		Release|Any CPU = Release|Any CPU
	EndGlobalSection
	GlobalSection(SolutionProperties) = preSolution
		HideSolutionNode = FALSE
	EndGlobalSection
	GlobalSection(ProjectConfigurationPlatforms) = postSolution
		{BA95C5DB-6D71-4C06-866C-A59E5185E630}.Debug|Any CPU.ActiveCfg = Debug|Any CPU
		{BA95C5DB-6D71-4C06-866C-A59E5185E630}.Debug|Any CPU.Build.0 = Debug|Any CPU
		{BA95C5DB-6D71-4C06-866C-A59E5185E630}.Release|Any CPU.ActiveCfg = Release|Any CPU
		{BA95C5DB-6D71-4C06-866C-A59E5185E630}.Release|Any CPU.Build.0 = Release|Any CPU
		{1D82158F-0B86-43DF-B049-107E05D499C2}.Debug|Any CPU.ActiveCfg = Debug|Any CPU
		{1D82158F-0B86-43DF-B049-107E05D499C2}.Debug|Any CPU.Build.0 = Debug|Any CPU
		{1D82158F-0B86-43DF-B049-107E05D499C2}.Release|Any CPU.ActiveCfg = Release|Any CPU
		{1D82158F-0B86-43DF-B049-107E05D499C2}.Release|Any CPU.Build.0 = Release|Any CPU
	EndGlobalSection
EndGlobal
